
Microsoft Visual Studio Solution File, Format Version 12.00
Project("{FAE04EC0-301F-11D3-BF4B-00C04F79EFBC}") = "API", "API\API.csproj", "{9814BF0C-D51E-4158-AC83-BD3E41C486F2}"
EndProject
Project("{FAE04EC0-301F-11D3-BF4B-00C04F79EFBC}") = "Application", "Application\Application.csproj", "{046DF640-7144-4CD4-B671-E284872FBED7}"
EndProject
Project("{FAE04EC0-301F-11D3-BF4B-00C04F79EFBC}") = "Infrastructure", "Infrastructure\Infrastructure.csproj", "{FCC03DD3-B5AC-4186-8AA6-3EF5FB895660}"
EndProject
Project("{FAE04EC0-301F-11D3-BF4B-00C04F79EFBC}") = "Domain", "Domain\Domain.csproj", "{C111343F-1BE6-4200-B393-C4E34F520EC0}"
EndProject
Project("{FAE04EC0-301F-11D3-BF4B-00C04F79EFBC}") = "SharedKernel", "SharedKernel\SharedKernel.csproj", "{3B09B101-B037-4F8A-857B-FAD3C5C4D00F}"
EndProject
Global
	GlobalSection(SolutionConfigurationPlatforms) = preSolution
		Debug|Any CPU = Debug|Any CPU
		Release|Any CPU = Release|Any CPU
	EndGlobalSection
	GlobalSection(ProjectConfigurationPlatforms) = postSolution
		{9814BF0C-D51E-4158-AC83-BD3E41C486F2}.Debug|Any CPU.ActiveCfg = Debug|Any CPU
		{9814BF0C-D51E-4158-AC83-BD3E41C486F2}.Debug|Any CPU.Build.0 = Debug|Any CPU
		{9814BF0C-D51E-4158-AC83-BD3E41C486F2}.Release|Any CPU.ActiveCfg = Release|Any CPU
		{9814BF0C-D51E-4158-AC83-BD3E41C486F2}.Release|Any CPU.Build.0 = Release|Any CPU
		{046DF640-7144-4CD4-B671-E284872FBED7}.Debug|Any CPU.ActiveCfg = Debug|Any CPU
		{046DF640-7144-4CD4-B671-E284872FBED7}.Debug|Any CPU.Build.0 = Debug|Any CPU
		{046DF640-7144-4CD4-B671-E284872FBED7}.Release|Any CPU.ActiveCfg = Release|Any CPU
		{046DF640-7144-4CD4-B671-E284872FBED7}.Release|Any CPU.Build.0 = Release|Any CPU
		{FCC03DD3-B5AC-4186-8AA6-3EF5FB895660}.Debug|Any CPU.ActiveCfg = Debug|Any CPU
		{FCC03DD3-B5AC-4186-8AA6-3EF5FB895660}.Debug|Any CPU.Build.0 = Debug|Any CPU
		{FCC03DD3-B5AC-4186-8AA6-3EF5FB895660}.Release|Any CPU.ActiveCfg = Release|Any CPU
		{FCC03DD3-B5AC-4186-8AA6-3EF5FB895660}.Release|Any CPU.Build.0 = Release|Any CPU
		{C111343F-1BE6-4200-B393-C4E34F520EC0}.Debug|Any CPU.ActiveCfg = Debug|Any CPU
		{C111343F-1BE6-4200-B393-C4E34F520EC0}.Debug|Any CPU.Build.0 = Debug|Any CPU
		{C111343F-1BE6-4200-B393-C4E34F520EC0}.Release|Any CPU.ActiveCfg = Release|Any CPU
		{C111343F-1BE6-4200-B393-C4E34F520EC0}.Release|Any CPU.Build.0 = Release|Any CPU
		{3B09B101-B037-4F8A-857B-FAD3C5C4D00F}.Debug|Any CPU.ActiveCfg = Debug|Any CPU
		{3B09B101-B037-4F8A-857B-FAD3C5C4D00F}.Debug|Any CPU.Build.0 = Debug|Any CPU
		{3B09B101-B037-4F8A-857B-FAD3C5C4D00F}.Release|Any CPU.ActiveCfg = Release|Any CPU
		{3B09B101-B037-4F8A-857B-FAD3C5C4D00F}.Release|Any CPU.Build.0 = Release|Any CPU
	EndGlobalSection
EndGlobal
